
Microsoft Visual Studio Solution File, Format Version 12.00
# Visual Studio Version 17
VisualStudioVersion = 17.14.36408.4 d17.14
MinimumVisualStudioVersion = 10.0.40219.1
Project("{FAE04EC0-301F-11D3-BF4B-00C04F79EFBC}") = "Collections", "Collections.csproj", "{73ACF9FD-18F9-468E-9A1C-000E5E17FB31}"
EndProject
Global
	GlobalSection(SolutionConfigurationPlatforms) = preSolution
		Debug|Any CPU = Debug|Any CPU
		Release|Any CPU = Release|Any CPU
	EndGlobalSection
	GlobalSection(ProjectConfigurationPlatforms) = postSolution
		{73ACF9FD-18F9-468E-9A1C-000E5E17FB31}.Debug|Any CPU.ActiveCfg = Debug|Any CPU
		{73ACF9FD-18F9-468E-9A1C-000E5E17FB31}.Debug|Any CPU.Build.0 = Debug|Any CPU
		{73ACF9FD-18F9-468E-9A1C-000E5E17FB31}.Release|Any CPU.ActiveCfg = Release|Any CPU
		{73ACF9FD-18F9-468E-9A1C-000E5E17FB31}.Release|Any CPU.Build.0 = Release|Any CPU
	EndGlobalSection
	GlobalSection(SolutionProperties) = preSolution
		HideSolutionNode = FALSE
	EndGlobalSection
	GlobalSection(ExtensibilityGlobals) = postSolution
		SolutionGuid = {74E7FF5C-CDDD-4207-B688-C761BD88725D}
	EndGlobalSection
EndGlobal
