
Microsoft Visual Studio Solution File, Format Version 12.00
# Visual Studio Version 17
VisualStudioVersion = 17.14.36408.4 d17.14
MinimumVisualStudioVersion = 10.0.40219.1
Project("{FAE04EC0-301F-11D3-BF4B-00C04F79EFBC}") = "Logical Programs", "Logical Programs.csproj", "{559963B8-CCA2-4AD8-8A38-D49328BC7F63}"
EndProject
Global
	GlobalSection(SolutionConfigurationPlatforms) = preSolution
		Debug|Any CPU = Debug|Any CPU
		Release|Any CPU = Release|Any CPU
	EndGlobalSection
	GlobalSection(ProjectConfigurationPlatforms) = postSolution
		{559963B8-CCA2-4AD8-8A38-D49328BC7F63}.Debug|Any CPU.ActiveCfg = Debug|Any CPU
		{559963B8-CCA2-4AD8-8A38-D49328BC7F63}.Debug|Any CPU.Build.0 = Debug|Any CPU
		{559963B8-CCA2-4AD8-8A38-D49328BC7F63}.Release|Any CPU.ActiveCfg = Release|Any CPU
		{559963B8-CCA2-4AD8-8A38-D49328BC7F63}.Release|Any CPU.Build.0 = Release|Any CPU
	EndGlobalSection
	GlobalSection(SolutionProperties) = preSolution
		HideSolutionNode = FALSE
	EndGlobalSection
	GlobalSection(ExtensibilityGlobals) = postSolution
		SolutionGuid = {EAC34837-4CFB-43D9-8E98-7D9427D9DB71}
	EndGlobalSection
EndGlobal
