
Microsoft Visual Studio Solution File, Format Version 12.00
# Visual Studio Version 17
VisualStudioVersion = 17.14.36408.4 d17.14
MinimumVisualStudioVersion = 10.0.40219.1
Project("{FAE04EC0-301F-11D3-BF4B-00C04F79EFBC}") = "03-String-Programs", "03-String-Programs.csproj", "{C93BAD3B-FA1E-4DDB-AA9F-9C8ACE05A375}"
EndProject
Global
	GlobalSection(SolutionConfigurationPlatforms) = preSolution
		Debug|Any CPU = Debug|Any CPU
		Release|Any CPU = Release|Any CPU
	EndGlobalSection
	GlobalSection(ProjectConfigurationPlatforms) = postSolution
		{C93BAD3B-FA1E-4DDB-AA9F-9C8ACE05A375}.Debug|Any CPU.ActiveCfg = Debug|Any CPU
		{C93BAD3B-FA1E-4DDB-AA9F-9C8ACE05A375}.Debug|Any CPU.Build.0 = Debug|Any CPU
		{C93BAD3B-FA1E-4DDB-AA9F-9C8ACE05A375}.Release|Any CPU.ActiveCfg = Release|Any CPU
		{C93BAD3B-FA1E-4DDB-AA9F-9C8ACE05A375}.Release|Any CPU.Build.0 = Release|Any CPU
	EndGlobalSection
	GlobalSection(SolutionProperties) = preSolution
		HideSolutionNode = FALSE
	EndGlobalSection
	GlobalSection(ExtensibilityGlobals) = postSolution
		SolutionGuid = {ABE1BAD7-A56D-465A-BBD5-A587415D148F}
	EndGlobalSection
EndGlobal
